
Microsoft Visual Studio Solution File, Format Version 12.00
# Visual Studio Version 16
VisualStudioVersion = 16.0.31402.337
MinimumVisualStudioVersion = 10.0.40219.1
Project("{FAE04EC0-301F-11D3-BF4B-00C04F79EFBC}") = "YouTube_Downloader", "YouTube_Downloader.csproj", "{5DD8F281-217F-4F16-A4DB-26B2FF440D55}"
EndProject
Project("{FAE04EC0-301F-11D3-BF4B-00C04F79EFBC}") = "YouTubeDownloadProject", "..\YouTubeDownloadProject\YouTubeDownloadProject.csproj", "{1C24C035-18D2-4AAB-8CC5-0E846DB117B6}"
EndProject
Global
	GlobalSection(SolutionConfigurationPlatforms) = preSolution
		Debug|Any CPU = Debug|Any CPU
		Release|Any CPU = Release|Any CPU
	EndGlobalSection
	GlobalSection(ProjectConfigurationPlatforms) = postSolution
		{5DD8F281-217F-4F16-A4DB-26B2FF440D55}.Debug|Any CPU.ActiveCfg = Debug|Any CPU
		{5DD8F281-217F-4F16-A4DB-26B2FF440D55}.Debug|Any CPU.Build.0 = Debug|Any CPU
		{5DD8F281-217F-4F16-A4DB-26B2FF440D55}.Release|Any CPU.ActiveCfg = Release|Any CPU
		{5DD8F281-217F-4F16-A4DB-26B2FF440D55}.Release|Any CPU.Build.0 = Release|Any CPU
		{1C24C035-18D2-4AAB-8CC5-0E846DB117B6}.Debug|Any CPU.ActiveCfg = Debug|Any CPU
		{1C24C035-18D2-4AAB-8CC5-0E846DB117B6}.Debug|Any CPU.Build.0 = Debug|Any CPU
		{1C24C035-18D2-4AAB-8CC5-0E846DB117B6}.Release|Any CPU.ActiveCfg = Release|Any CPU
		{1C24C035-18D2-4AAB-8CC5-0E846DB117B6}.Release|Any CPU.Build.0 = Release|Any CPU
	EndGlobalSection
	GlobalSection(SolutionProperties) = preSolution
		HideSolutionNode = FALSE
	EndGlobalSection
	GlobalSection(ExtensibilityGlobals) = postSolution
		SolutionGuid = {0DDC0DB2-8AFF-4E94-A73D-5D7973F44EAD}
	EndGlobalSection
EndGlobal
